
Microsoft Visual Studio Solution File, Format Version 12.00
# Visual Studio 15
VisualStudioVersion = 15.0.26621.2
MinimumVisualStudioVersion = 10.0.40219.1
Project("{FAE04EC0-301F-11D3-BF4B-00C04F79EFBC}") = "FunHelloWorld", "FunHelloWorld\FunHelloWorld.csproj", "{FC4B71CC-D528-47F7-A478-B496CC44E31C}"
EndProject
Global
	GlobalSection(SolutionConfigurationPlatforms) = preSolution
		Debug|Any CPU = Debug|Any CPU
		Release|Any CPU = Release|Any CPU
	EndGlobalSection
	GlobalSection(ProjectConfigurationPlatforms) = postSolution
		{FC4B71CC-D528-47F7-A478-B496CC44E31C}.Debug|Any CPU.ActiveCfg = Debug|Any CPU
		{FC4B71CC-D528-47F7-A478-B496CC44E31C}.Debug|Any CPU.Build.0 = Debug|Any CPU
		{FC4B71CC-D528-47F7-A478-B496CC44E31C}.Release|Any CPU.ActiveCfg = Release|Any CPU
		{FC4B71CC-D528-47F7-A478-B496CC44E31C}.Release|Any CPU.Build.0 = Release|Any CPU
	EndGlobalSection
	GlobalSection(SolutionProperties) = preSolution
		HideSolutionNode = FALSE
	EndGlobalSection
	GlobalSection(ExtensibilityGlobals) = postSolution
		SolutionGuid = {49277AA9-E926-4116-AEDE-7320FDDB839B}
	EndGlobalSection
EndGlobal
